
Microsoft Visual Studio Solution File, Format Version 12.00
# Visual Studio 15
VisualStudioVersion = 15.0.26730.12
MinimumVisualStudioVersion = 10.0.40219.1
Project("{F184B08F-C81C-45F6-A57F-5ABD9991F28F}") = "tttt", "tttt\tttt.vbproj", "{D1518017-6D37-46C2-97DB-EEC136A91BF3}"
EndProject
Global
	GlobalSection(SolutionConfigurationPlatforms) = preSolution
		Debug|Any CPU = Debug|Any CPU
		Release|Any CPU = Release|Any CPU
	EndGlobalSection
	GlobalSection(ProjectConfigurationPlatforms) = postSolution
		{D1518017-6D37-46C2-97DB-EEC136A91BF3}.Debug|Any CPU.ActiveCfg = Debug|Any CPU
		{D1518017-6D37-46C2-97DB-EEC136A91BF3}.Debug|Any CPU.Build.0 = Debug|Any CPU
		{D1518017-6D37-46C2-97DB-EEC136A91BF3}.Release|Any CPU.ActiveCfg = Release|Any CPU
		{D1518017-6D37-46C2-97DB-EEC136A91BF3}.Release|Any CPU.Build.0 = Release|Any CPU
	EndGlobalSection
	GlobalSection(SolutionProperties) = preSolution
		HideSolutionNode = FALSE
	EndGlobalSection
	GlobalSection(ExtensibilityGlobals) = postSolution
		SolutionGuid = {B2350149-BBBE-4190-BAF1-987060782100}
	EndGlobalSection
EndGlobal
